
Microsoft Visual Studio Solution File, Format Version 12.00
# Visual Studio 15
VisualStudioVersion = 15.0.27130.2036
MinimumVisualStudioVersion = 10.0.40219.1
Project("{FAE04EC0-301F-11D3-BF4B-00C04F79EFBC}") = "Лабораторная 9. Использование числовых массивов. Задание 1", "Лабораторная 9. Использование числовых массивов\Лабораторная 9. Использование числовых массивов. Задание 1.csproj", "{6B2F011D-A14B-4226-B48A-AFFFF6D34B53}"
EndProject
Project("{FAE04EC0-301F-11D3-BF4B-00C04F79EFBC}") = "Задание 2. Использование числовых массивов", "Задание 2. Использование числовых массивов\Задание 2. Использование числовых массивов.csproj", "{FB7BD09A-955E-49B7-A3F4-CE9F05ABDD72}"
EndProject
Project("{FAE04EC0-301F-11D3-BF4B-00C04F79EFBC}") = "задание 3. Использование числовых массивов", "задание 3. Использование числовых массивов\задание 3. Использование числовых массивов.csproj", "{ED9D10EE-2CDD-4213-B267-EA236F14C852}"
EndProject
Project("{FAE04EC0-301F-11D3-BF4B-00C04F79EFBC}") = "Задание 4. Использование числовых массивов", "Задание 4. Использование числовых массивов\Задание 4. Использование числовых массивов.csproj", "{1206A985-499A-4952-8DD4-1448B666D184}"
EndProject
Project("{FAE04EC0-301F-11D3-BF4B-00C04F79EFBC}") = "Задание 5. Использование числовых массивов", "Задание 5. Использование числовых массивов\Задание 5. Использование числовых массивов.csproj", "{B00212A9-B8F2-454E-915E-D3961069DF2A}"
EndProject
Project("{FAE04EC0-301F-11D3-BF4B-00C04F79EFBC}") = "Задание 6. Использование числовых массивов", "Задание 6. Использование числовых массивов\Задание 6. Использование числовых массивов.csproj", "{C123850A-0B0A-4855-BB75-8D30A9CEF52E}"
EndProject
Project("{FAE04EC0-301F-11D3-BF4B-00C04F79EFBC}") = "Задание 8. Использование числовых массивов", "Задание 8. Использование числовых массивов\Задание 8. Использование числовых массивов.csproj", "{9AEC35D2-0BCE-4EAF-9920-F1E7341B55A5}"
EndProject
Project("{FAE04EC0-301F-11D3-BF4B-00C04F79EFBC}") = "Задание 9. Использование числовых массивов", "Задание 9. Использование числовых массивов\Задание 9. Использование числовых массивов.csproj", "{7A7E3A0B-29D8-4587-8821-8A1CB0EB83E3}"
EndProject
Global
	GlobalSection(SolutionConfigurationPlatforms) = preSolution
		Debug|Any CPU = Debug|Any CPU
		Release|Any CPU = Release|Any CPU
	EndGlobalSection
	GlobalSection(ProjectConfigurationPlatforms) = postSolution
		{6B2F011D-A14B-4226-B48A-AFFFF6D34B53}.Debug|Any CPU.ActiveCfg = Debug|Any CPU
		{6B2F011D-A14B-4226-B48A-AFFFF6D34B53}.Debug|Any CPU.Build.0 = Debug|Any CPU
		{6B2F011D-A14B-4226-B48A-AFFFF6D34B53}.Release|Any CPU.ActiveCfg = Release|Any CPU
		{6B2F011D-A14B-4226-B48A-AFFFF6D34B53}.Release|Any CPU.Build.0 = Release|Any CPU
		{FB7BD09A-955E-49B7-A3F4-CE9F05ABDD72}.Debug|Any CPU.ActiveCfg = Debug|Any CPU
		{FB7BD09A-955E-49B7-A3F4-CE9F05ABDD72}.Debug|Any CPU.Build.0 = Debug|Any CPU
		{FB7BD09A-955E-49B7-A3F4-CE9F05ABDD72}.Release|Any CPU.ActiveCfg = Release|Any CPU
		{FB7BD09A-955E-49B7-A3F4-CE9F05ABDD72}.Release|Any CPU.Build.0 = Release|Any CPU
		{ED9D10EE-2CDD-4213-B267-EA236F14C852}.Debug|Any CPU.ActiveCfg = Debug|Any CPU
		{ED9D10EE-2CDD-4213-B267-EA236F14C852}.Debug|Any CPU.Build.0 = Debug|Any CPU
		{ED9D10EE-2CDD-4213-B267-EA236F14C852}.Release|Any CPU.ActiveCfg = Release|Any CPU
		{ED9D10EE-2CDD-4213-B267-EA236F14C852}.Release|Any CPU.Build.0 = Release|Any CPU
		{1206A985-499A-4952-8DD4-1448B666D184}.Debug|Any CPU.ActiveCfg = Debug|Any CPU
		{1206A985-499A-4952-8DD4-1448B666D184}.Debug|Any CPU.Build.0 = Debug|Any CPU
		{1206A985-499A-4952-8DD4-1448B666D184}.Release|Any CPU.ActiveCfg = Release|Any CPU
		{1206A985-499A-4952-8DD4-1448B666D184}.Release|Any CPU.Build.0 = Release|Any CPU
		{B00212A9-B8F2-454E-915E-D3961069DF2A}.Debug|Any CPU.ActiveCfg = Debug|Any CPU
		{B00212A9-B8F2-454E-915E-D3961069DF2A}.Debug|Any CPU.Build.0 = Debug|Any CPU
		{B00212A9-B8F2-454E-915E-D3961069DF2A}.Release|Any CPU.ActiveCfg = Release|Any CPU
		{B00212A9-B8F2-454E-915E-D3961069DF2A}.Release|Any CPU.Build.0 = Release|Any CPU
		{C123850A-0B0A-4855-BB75-8D30A9CEF52E}.Debug|Any CPU.ActiveCfg = Debug|Any CPU
		{C123850A-0B0A-4855-BB75-8D30A9CEF52E}.Debug|Any CPU.Build.0 = Debug|Any CPU
		{C123850A-0B0A-4855-BB75-8D30A9CEF52E}.Release|Any CPU.ActiveCfg = Release|Any CPU
		{C123850A-0B0A-4855-BB75-8D30A9CEF52E}.Release|Any CPU.Build.0 = Release|Any CPU
		{9AEC35D2-0BCE-4EAF-9920-F1E7341B55A5}.Debug|Any CPU.ActiveCfg = Debug|Any CPU
		{9AEC35D2-0BCE-4EAF-9920-F1E7341B55A5}.Debug|Any CPU.Build.0 = Debug|Any CPU
		{9AEC35D2-0BCE-4EAF-9920-F1E7341B55A5}.Release|Any CPU.ActiveCfg = Release|Any CPU
		{9AEC35D2-0BCE-4EAF-9920-F1E7341B55A5}.Release|Any CPU.Build.0 = Release|Any CPU
		{7A7E3A0B-29D8-4587-8821-8A1CB0EB83E3}.Debug|Any CPU.ActiveCfg = Debug|Any CPU
		{7A7E3A0B-29D8-4587-8821-8A1CB0EB83E3}.Debug|Any CPU.Build.0 = Debug|Any CPU
		{7A7E3A0B-29D8-4587-8821-8A1CB0EB83E3}.Release|Any CPU.ActiveCfg = Release|Any CPU
		{7A7E3A0B-29D8-4587-8821-8A1CB0EB83E3}.Release|Any CPU.Build.0 = Release|Any CPU
	EndGlobalSection
	GlobalSection(SolutionProperties) = preSolution
		HideSolutionNode = FALSE
	EndGlobalSection
	GlobalSection(ExtensibilityGlobals) = postSolution
		SolutionGuid = {0E907E13-CDFA-442E-8121-9C51D1CDA36A}
	EndGlobalSection
EndGlobal
