
Microsoft Visual Studio Solution File, Format Version 12.00
# Visual Studio 2013
VisualStudioVersion = 12.0.40629.0
MinimumVisualStudioVersion = 10.0.40219.1
Project("{FAE04EC0-301F-11D3-BF4B-00C04F79EFBC}") = "Проверка данных. Задание 1", "Лабораторная 3\Проверка данных. Задание 1.csproj", "{0ADB1525-A028-40F0-89F1-0D2875EA62F9}"
EndProject
Project("{FAE04EC0-301F-11D3-BF4B-00C04F79EFBC}") = "Проверка данных. Задание 2", "Проверка данных. Задание 2\Проверка данных. Задание 2.csproj", "{317F78DB-3527-4D09-9AAE-5B997C7374E2}"
EndProject
Project("{FAE04EC0-301F-11D3-BF4B-00C04F79EFBC}") = "Проверка данных. Задание 11", "Проверка данных. Задание 11\Проверка данных. Задание 11.csproj", "{8B3D7CE2-A3BD-473A-AD18-2A1E7A65F5D0}"
EndProject
Global
	GlobalSection(SolutionConfigurationPlatforms) = preSolution
		Debug|Any CPU = Debug|Any CPU
		Release|Any CPU = Release|Any CPU
	EndGlobalSection
	GlobalSection(ProjectConfigurationPlatforms) = postSolution
		{0ADB1525-A028-40F0-89F1-0D2875EA62F9}.Debug|Any CPU.ActiveCfg = Debug|Any CPU
		{0ADB1525-A028-40F0-89F1-0D2875EA62F9}.Debug|Any CPU.Build.0 = Debug|Any CPU
		{0ADB1525-A028-40F0-89F1-0D2875EA62F9}.Release|Any CPU.ActiveCfg = Release|Any CPU
		{0ADB1525-A028-40F0-89F1-0D2875EA62F9}.Release|Any CPU.Build.0 = Release|Any CPU
		{317F78DB-3527-4D09-9AAE-5B997C7374E2}.Debug|Any CPU.ActiveCfg = Debug|Any CPU
		{317F78DB-3527-4D09-9AAE-5B997C7374E2}.Debug|Any CPU.Build.0 = Debug|Any CPU
		{317F78DB-3527-4D09-9AAE-5B997C7374E2}.Release|Any CPU.ActiveCfg = Release|Any CPU
		{317F78DB-3527-4D09-9AAE-5B997C7374E2}.Release|Any CPU.Build.0 = Release|Any CPU
		{8B3D7CE2-A3BD-473A-AD18-2A1E7A65F5D0}.Debug|Any CPU.ActiveCfg = Debug|Any CPU
		{8B3D7CE2-A3BD-473A-AD18-2A1E7A65F5D0}.Debug|Any CPU.Build.0 = Debug|Any CPU
		{8B3D7CE2-A3BD-473A-AD18-2A1E7A65F5D0}.Release|Any CPU.ActiveCfg = Release|Any CPU
		{8B3D7CE2-A3BD-473A-AD18-2A1E7A65F5D0}.Release|Any CPU.Build.0 = Release|Any CPU
	EndGlobalSection
	GlobalSection(SolutionProperties) = preSolution
		HideSolutionNode = FALSE
	EndGlobalSection
EndGlobal
