
Microsoft Visual Studio Solution File, Format Version 12.00
# Visual Studio 2013
VisualStudioVersion = 12.0.40629.0
MinimumVisualStudioVersion = 10.0.40219.1
Project("{FAE04EC0-301F-11D3-BF4B-00C04F79EFBC}") = "Лабораторная 2", "Лабораторная 2\Лабораторная 2.csproj", "{B5538D3D-0016-4539-84C2-1D8F72A92AE3}"
EndProject
Project("{FAE04EC0-301F-11D3-BF4B-00C04F79EFBC}") = "Задание 2. Вычисления", "Задание 2. Вычисления\Задание 2. Вычисления.csproj", "{D9405322-D8F1-415C-B026-4DDF46C292A3}"
EndProject
Project("{FAE04EC0-301F-11D3-BF4B-00C04F79EFBC}") = "Вычисления. Задание 3", "Вычисления. Задание 3\Вычисления. Задание 3.csproj", "{A069790D-72A6-45AC-8802-F66BD797709C}"
EndProject
Project("{FAE04EC0-301F-11D3-BF4B-00C04F79EFBC}") = "Вычисления. Задание 4", "Вычисления. Задание 4\Вычисления. Задание 4.csproj", "{4EC751BA-D519-47BF-B3E3-C5A4558C5483}"
EndProject
Project("{FAE04EC0-301F-11D3-BF4B-00C04F79EFBC}") = "Вычисления. Задание 8", "Вычисления. Задание 8\Вычисления. Задание 8.csproj", "{A252620D-ECA3-4F36-9A3A-5B827C31A591}"
EndProject
Project("{FAE04EC0-301F-11D3-BF4B-00C04F79EFBC}") = "Вычисления. Задание 9", "Вычисления. Задание 9\Вычисления. Задание 9.csproj", "{6B655620-BF40-49BF-AC9E-0FBF33D3661E}"
EndProject
Project("{FAE04EC0-301F-11D3-BF4B-00C04F79EFBC}") = "Вычисления. Задание 10", "Вычисления. Задание 10\Вычисления. Задание 10.csproj", "{FA895158-932D-4AEB-B9FD-E01F4FD719F3}"
EndProject
Project("{FAE04EC0-301F-11D3-BF4B-00C04F79EFBC}") = "Вычисления. Задание 5", "Вычисления. Задание 5\Вычисления. Задание 5.csproj", "{C0E6C4BC-5544-4774-A627-CAA4E26D07DC}"
EndProject
Global
	GlobalSection(SolutionConfigurationPlatforms) = preSolution
		Debug|Any CPU = Debug|Any CPU
		Release|Any CPU = Release|Any CPU
	EndGlobalSection
	GlobalSection(ProjectConfigurationPlatforms) = postSolution
		{B5538D3D-0016-4539-84C2-1D8F72A92AE3}.Debug|Any CPU.ActiveCfg = Debug|Any CPU
		{B5538D3D-0016-4539-84C2-1D8F72A92AE3}.Debug|Any CPU.Build.0 = Debug|Any CPU
		{B5538D3D-0016-4539-84C2-1D8F72A92AE3}.Release|Any CPU.ActiveCfg = Release|Any CPU
		{B5538D3D-0016-4539-84C2-1D8F72A92AE3}.Release|Any CPU.Build.0 = Release|Any CPU
		{D9405322-D8F1-415C-B026-4DDF46C292A3}.Debug|Any CPU.ActiveCfg = Debug|Any CPU
		{D9405322-D8F1-415C-B026-4DDF46C292A3}.Debug|Any CPU.Build.0 = Debug|Any CPU
		{D9405322-D8F1-415C-B026-4DDF46C292A3}.Release|Any CPU.ActiveCfg = Release|Any CPU
		{D9405322-D8F1-415C-B026-4DDF46C292A3}.Release|Any CPU.Build.0 = Release|Any CPU
		{A069790D-72A6-45AC-8802-F66BD797709C}.Debug|Any CPU.ActiveCfg = Debug|Any CPU
		{A069790D-72A6-45AC-8802-F66BD797709C}.Debug|Any CPU.Build.0 = Debug|Any CPU
		{A069790D-72A6-45AC-8802-F66BD797709C}.Release|Any CPU.ActiveCfg = Release|Any CPU
		{A069790D-72A6-45AC-8802-F66BD797709C}.Release|Any CPU.Build.0 = Release|Any CPU
		{4EC751BA-D519-47BF-B3E3-C5A4558C5483}.Debug|Any CPU.ActiveCfg = Debug|Any CPU
		{4EC751BA-D519-47BF-B3E3-C5A4558C5483}.Debug|Any CPU.Build.0 = Debug|Any CPU
		{4EC751BA-D519-47BF-B3E3-C5A4558C5483}.Release|Any CPU.ActiveCfg = Release|Any CPU
		{4EC751BA-D519-47BF-B3E3-C5A4558C5483}.Release|Any CPU.Build.0 = Release|Any CPU
		{A252620D-ECA3-4F36-9A3A-5B827C31A591}.Debug|Any CPU.ActiveCfg = Debug|Any CPU
		{A252620D-ECA3-4F36-9A3A-5B827C31A591}.Debug|Any CPU.Build.0 = Debug|Any CPU
		{A252620D-ECA3-4F36-9A3A-5B827C31A591}.Release|Any CPU.ActiveCfg = Release|Any CPU
		{A252620D-ECA3-4F36-9A3A-5B827C31A591}.Release|Any CPU.Build.0 = Release|Any CPU
		{6B655620-BF40-49BF-AC9E-0FBF33D3661E}.Debug|Any CPU.ActiveCfg = Debug|Any CPU
		{6B655620-BF40-49BF-AC9E-0FBF33D3661E}.Debug|Any CPU.Build.0 = Debug|Any CPU
		{6B655620-BF40-49BF-AC9E-0FBF33D3661E}.Release|Any CPU.ActiveCfg = Release|Any CPU
		{6B655620-BF40-49BF-AC9E-0FBF33D3661E}.Release|Any CPU.Build.0 = Release|Any CPU
		{FA895158-932D-4AEB-B9FD-E01F4FD719F3}.Debug|Any CPU.ActiveCfg = Debug|Any CPU
		{FA895158-932D-4AEB-B9FD-E01F4FD719F3}.Debug|Any CPU.Build.0 = Debug|Any CPU
		{FA895158-932D-4AEB-B9FD-E01F4FD719F3}.Release|Any CPU.ActiveCfg = Release|Any CPU
		{FA895158-932D-4AEB-B9FD-E01F4FD719F3}.Release|Any CPU.Build.0 = Release|Any CPU
		{C0E6C4BC-5544-4774-A627-CAA4E26D07DC}.Debug|Any CPU.ActiveCfg = Debug|Any CPU
		{C0E6C4BC-5544-4774-A627-CAA4E26D07DC}.Debug|Any CPU.Build.0 = Debug|Any CPU
		{C0E6C4BC-5544-4774-A627-CAA4E26D07DC}.Release|Any CPU.ActiveCfg = Release|Any CPU
		{C0E6C4BC-5544-4774-A627-CAA4E26D07DC}.Release|Any CPU.Build.0 = Release|Any CPU
	EndGlobalSection
	GlobalSection(SolutionProperties) = preSolution
		HideSolutionNode = FALSE
	EndGlobalSection
EndGlobal
