
Microsoft Visual Studio Solution File, Format Version 12.00
# Visual Studio 15
VisualStudioVersion = 15.0.28307.572
MinimumVisualStudioVersion = 10.0.40219.1
Project("{FAE04EC0-301F-11D3-BF4B-00C04F79EFBC}") = "Лабораторная 11. Строки. Задание 1", "Лабораторная 11. Строки\Лабораторная 11. Строки. Задание 1.csproj", "{867DBEE2-76A3-41D5-9F13-408D8B1AA011}"
EndProject
Project("{FAE04EC0-301F-11D3-BF4B-00C04F79EFBC}") = "Задание 2", "Задание 2\Задание 2.csproj", "{A4F2FE79-D4E0-48E5-9E3C-C22C36B4B073}"
EndProject
Project("{FAE04EC0-301F-11D3-BF4B-00C04F79EFBC}") = "Задание 5", "Задание 5\Задание 5.csproj", "{29C6AB66-E553-4C25-A780-6D9FBD5F5314}"
EndProject
Project("{FAE04EC0-301F-11D3-BF4B-00C04F79EFBC}") = "Задание 3. Строки", "Задание 3. Строки\Задание 3. Строки.csproj", "{E097EE57-06E7-4589-A0BE-2291789F57F3}"
EndProject
Project("{FAE04EC0-301F-11D3-BF4B-00C04F79EFBC}") = "Задание 4. Строки", "Задание 4. Строки\Задание 4. Строки.csproj", "{84362262-48DA-49CE-AF08-61FC201F0CE6}"
EndProject
Project("{FAE04EC0-301F-11D3-BF4B-00C04F79EFBC}") = "Задание 6. Строки", "Задание 6. Строки\Задание 6. Строки.csproj", "{15BAB538-D980-4FCA-B144-E4219031A8F8}"
EndProject
Project("{FAE04EC0-301F-11D3-BF4B-00C04F79EFBC}") = "Задание 7. Строки", "Задание 7. Строки\Задание 7. Строки.csproj", "{D6109372-75B0-4A6F-B894-EFF53B7DF162}"
EndProject
Project("{FAE04EC0-301F-11D3-BF4B-00C04F79EFBC}") = "Задание 8. Строки", "Задание 8. Строки\Задание 8. Строки.csproj", "{3B233989-A3D0-4182-BAD9-D82DFB35C559}"
EndProject
Project("{FAE04EC0-301F-11D3-BF4B-00C04F79EFBC}") = "Задание 9. Строки", "Задание 9. Строки\Задание 9. Строки.csproj", "{23E458AD-9A92-4B22-8CD5-75D02977AE49}"
EndProject
Project("{FAE04EC0-301F-11D3-BF4B-00C04F79EFBC}") = "Задание 10. Строки", "Задание 10. Строки\Задание 10. Строки.csproj", "{0DDEDA6A-DC58-4D81-8E4D-F08F5AA7D4EF}"
EndProject
Global
	GlobalSection(SolutionConfigurationPlatforms) = preSolution
		Debug|Any CPU = Debug|Any CPU
		Release|Any CPU = Release|Any CPU
	EndGlobalSection
	GlobalSection(ProjectConfigurationPlatforms) = postSolution
		{867DBEE2-76A3-41D5-9F13-408D8B1AA011}.Debug|Any CPU.ActiveCfg = Debug|Any CPU
		{867DBEE2-76A3-41D5-9F13-408D8B1AA011}.Debug|Any CPU.Build.0 = Debug|Any CPU
		{867DBEE2-76A3-41D5-9F13-408D8B1AA011}.Release|Any CPU.ActiveCfg = Release|Any CPU
		{867DBEE2-76A3-41D5-9F13-408D8B1AA011}.Release|Any CPU.Build.0 = Release|Any CPU
		{A4F2FE79-D4E0-48E5-9E3C-C22C36B4B073}.Debug|Any CPU.ActiveCfg = Debug|Any CPU
		{A4F2FE79-D4E0-48E5-9E3C-C22C36B4B073}.Debug|Any CPU.Build.0 = Debug|Any CPU
		{A4F2FE79-D4E0-48E5-9E3C-C22C36B4B073}.Release|Any CPU.ActiveCfg = Release|Any CPU
		{A4F2FE79-D4E0-48E5-9E3C-C22C36B4B073}.Release|Any CPU.Build.0 = Release|Any CPU
		{29C6AB66-E553-4C25-A780-6D9FBD5F5314}.Debug|Any CPU.ActiveCfg = Debug|Any CPU
		{29C6AB66-E553-4C25-A780-6D9FBD5F5314}.Debug|Any CPU.Build.0 = Debug|Any CPU
		{29C6AB66-E553-4C25-A780-6D9FBD5F5314}.Release|Any CPU.ActiveCfg = Release|Any CPU
		{29C6AB66-E553-4C25-A780-6D9FBD5F5314}.Release|Any CPU.Build.0 = Release|Any CPU
		{E097EE57-06E7-4589-A0BE-2291789F57F3}.Debug|Any CPU.ActiveCfg = Debug|Any CPU
		{E097EE57-06E7-4589-A0BE-2291789F57F3}.Debug|Any CPU.Build.0 = Debug|Any CPU
		{E097EE57-06E7-4589-A0BE-2291789F57F3}.Release|Any CPU.ActiveCfg = Release|Any CPU
		{E097EE57-06E7-4589-A0BE-2291789F57F3}.Release|Any CPU.Build.0 = Release|Any CPU
		{84362262-48DA-49CE-AF08-61FC201F0CE6}.Debug|Any CPU.ActiveCfg = Debug|Any CPU
		{84362262-48DA-49CE-AF08-61FC201F0CE6}.Debug|Any CPU.Build.0 = Debug|Any CPU
		{84362262-48DA-49CE-AF08-61FC201F0CE6}.Release|Any CPU.ActiveCfg = Release|Any CPU
		{84362262-48DA-49CE-AF08-61FC201F0CE6}.Release|Any CPU.Build.0 = Release|Any CPU
		{15BAB538-D980-4FCA-B144-E4219031A8F8}.Debug|Any CPU.ActiveCfg = Debug|Any CPU
		{15BAB538-D980-4FCA-B144-E4219031A8F8}.Debug|Any CPU.Build.0 = Debug|Any CPU
		{15BAB538-D980-4FCA-B144-E4219031A8F8}.Release|Any CPU.ActiveCfg = Release|Any CPU
		{15BAB538-D980-4FCA-B144-E4219031A8F8}.Release|Any CPU.Build.0 = Release|Any CPU
		{D6109372-75B0-4A6F-B894-EFF53B7DF162}.Debug|Any CPU.ActiveCfg = Debug|Any CPU
		{D6109372-75B0-4A6F-B894-EFF53B7DF162}.Debug|Any CPU.Build.0 = Debug|Any CPU
		{D6109372-75B0-4A6F-B894-EFF53B7DF162}.Release|Any CPU.ActiveCfg = Release|Any CPU
		{D6109372-75B0-4A6F-B894-EFF53B7DF162}.Release|Any CPU.Build.0 = Release|Any CPU
		{3B233989-A3D0-4182-BAD9-D82DFB35C559}.Debug|Any CPU.ActiveCfg = Debug|Any CPU
		{3B233989-A3D0-4182-BAD9-D82DFB35C559}.Debug|Any CPU.Build.0 = Debug|Any CPU
		{3B233989-A3D0-4182-BAD9-D82DFB35C559}.Release|Any CPU.ActiveCfg = Release|Any CPU
		{3B233989-A3D0-4182-BAD9-D82DFB35C559}.Release|Any CPU.Build.0 = Release|Any CPU
		{23E458AD-9A92-4B22-8CD5-75D02977AE49}.Debug|Any CPU.ActiveCfg = Debug|Any CPU
		{23E458AD-9A92-4B22-8CD5-75D02977AE49}.Debug|Any CPU.Build.0 = Debug|Any CPU
		{23E458AD-9A92-4B22-8CD5-75D02977AE49}.Release|Any CPU.ActiveCfg = Release|Any CPU
		{23E458AD-9A92-4B22-8CD5-75D02977AE49}.Release|Any CPU.Build.0 = Release|Any CPU
		{0DDEDA6A-DC58-4D81-8E4D-F08F5AA7D4EF}.Debug|Any CPU.ActiveCfg = Debug|Any CPU
		{0DDEDA6A-DC58-4D81-8E4D-F08F5AA7D4EF}.Debug|Any CPU.Build.0 = Debug|Any CPU
		{0DDEDA6A-DC58-4D81-8E4D-F08F5AA7D4EF}.Release|Any CPU.ActiveCfg = Release|Any CPU
		{0DDEDA6A-DC58-4D81-8E4D-F08F5AA7D4EF}.Release|Any CPU.Build.0 = Release|Any CPU
	EndGlobalSection
	GlobalSection(SolutionProperties) = preSolution
		HideSolutionNode = FALSE
	EndGlobalSection
	GlobalSection(ExtensibilityGlobals) = postSolution
		SolutionGuid = {6F2F9C78-F1FC-4FDD-9904-B2F7B722F325}
	EndGlobalSection
EndGlobal
